# This file is generated by running "yarn install" inside your project.
# Manual changes might be lost - proceed with caution!

__metadata:
  version: 8
  cacheKey: 10c0

"@node-playground/node@workspace:packages/node":
  version: 0.0.0-use.local
  resolution: "@node-playground/node@workspace:packages/node"
  dependencies:
    prettier: "npm:^3.2.4"
    prettier-plugin-organize-imports: "npm:^3.2.4"
    typescript: "npm:^5.3.3"
  languageName: unknown
  linkType: soft

"husky@npm:^8.0.0":
  version: 8.0.3
  resolution: "husky@npm:8.0.3"
  bin:
    husky: lib/bin.js
  checksum: 10c0/6722591771c657b91a1abb082e07f6547eca79144d678e586828ae806499d90dce2a6aee08b66183fd8b085f19d20e0990a2ad396961746b4c8bd5bdb619d668
  languageName: node
  linkType: hard

"node-playground@workspace:.":
  version: 0.0.0-use.local
  resolution: "node-playground@workspace:."
  dependencies:
    husky: "npm:^8.0.0"
  languageName: unknown
  linkType: soft

"prettier-plugin-organize-imports@npm:^3.2.4":
  version: 3.2.4
  resolution: "prettier-plugin-organize-imports@npm:3.2.4"
  peerDependencies:
    "@volar/vue-language-plugin-pug": ^1.0.4
    "@volar/vue-typescript": ^1.0.4
    prettier: ">=2.0"
    typescript: ">=2.9"
  peerDependenciesMeta:
    "@volar/vue-language-plugin-pug":
      optional: true
    "@volar/vue-typescript":
      optional: true
  checksum: 10c0/c20afa9b379106839a273d53c83fef70920e8ae86939d4890a06c63da19440de411568793e716bafcdd96e5ba8e34233f2944ea53ecd6ac18ba1ec0fa05bb58b
  languageName: node
  linkType: hard

"prettier@npm:^3.2.4":
  version: 3.2.4
  resolution: "prettier@npm:3.2.4"
  bin:
    prettier: bin/prettier.cjs
  checksum: 10c0/88dfeb78ac6096522c9a5b81f1413d875f568420d9bb6a5e5103527912519b993f2bcdcac311fcff5718d5869671d44e4f85827d3626f3a6ce32b9abc65d88e0
  languageName: node
  linkType: hard

"typescript@npm:^5.3.3":
  version: 5.3.3
  resolution: "typescript@npm:5.3.3"
  bin:
    tsc: bin/tsc
    tsserver: bin/tsserver
  checksum: 10c0/e33cef99d82573624fc0f854a2980322714986bc35b9cb4d1ce736ed182aeab78e2cb32b385efa493b2a976ef52c53e20d6c6918312353a91850e2b76f1ea44f
  languageName: node
  linkType: hard

"typescript@patch:typescript@npm%3A^5.3.3#optional!builtin<compat/typescript>":
  version: 5.3.3
  resolution: "typescript@patch:typescript@npm%3A5.3.3#optional!builtin<compat/typescript>::version=5.3.3&hash=e012d7"
  bin:
    tsc: bin/tsc
    tsserver: bin/tsserver
  checksum: 10c0/1d0a5f4ce496c42caa9a30e659c467c5686eae15d54b027ee7866744952547f1be1262f2d40de911618c242b510029d51d43ff605dba8fb740ec85ca2d3f9500
  languageName: node
  linkType: hard
